[[tools.atuin]]
version = "18.11.0"
backend = "aqua:atuinsh/atuin"
"platforms.linux-arm64" = { checksum = "sha256:94f224fcb65fedfc9cddcf2662b639ca53ce62e4e75634862543f4a38818aff5", url = "https://github.com/atuinsh/atuin/releases/download/v18.11.0/atuin-aarch64-unknown-linux-musl.tar.gz"}

[[tools.chezmoi]]
version = "2.69.3"
backend = "aqua:twpayne/chezmoi"
"platforms.linux-arm64" = { checksum = "sha256:0aef9ef75ee33cffb483a82c474b495d428e0f7941ab7898263c3519006e0662", url = "https://github.com/twpayne/chezmoi/releases/download/v2.69.3/chezmoi_2.69.3_linux_arm64.tar.gz"}

[[tools.fd]]
version = "10.3.0"
backend = "aqua:sharkdp/fd"
"platforms.linux-arm64" = { checksum = "sha256:996b9b1366433b211cb3bbedba91c9dbce2431842144d925428ead0adf32020b", url = "https://github.com/sharkdp/fd/releases/download/v10.3.0/fd-v10.3.0-aarch64-unknown-linux-musl.tar.gz"}

[[tools.fzf]]
version = "0.67.0"
backend = "aqua:junegunn/fzf"
"platforms.linux-arm64" = { checksum = "sha256:7071f48c2ac0f2bc992d6d33cc36fd675a579a98cc976dda699eea07dd5e9c58", url = "https://github.com/junegunn/fzf/releases/download/v0.67.0/fzf-0.67.0-linux_arm64.tar.gz"}

[[tools.gh]]
version = "2.85.0"
backend = "aqua:cli/cli"
"platforms.linux-arm64" = { checksum = "sha256:c554878f62506c88464ef94474322d899dfb30468bb234f23e2355e8e1613cb2", url = "https://github.com/cli/cli/releases/download/v2.85.0/gh_2.85.0_linux_arm64.tar.gz"}

[[tools.helix]]
version = "25.07.1"
backend = "aqua:helix-editor/helix"
"platforms.linux-arm64" = { checksum = "sha256:ce23fa8d395e633e3e54c052012f11965d91d8d5c2bfa659685f50430b4f8175", url = "https://github.com/helix-editor/helix/releases/download/25.07.1/helix-25.07.1-aarch64-linux.tar.xz"}

[[tools.jj]]
version = "0.37.0"
backend = "aqua:jj-vcs/jj"
"platforms.linux-arm64" = { checksum = "sha256:f42164567abbcc0b13354eeb1ecd11f4245d7dce4de849bf794a4d5e1b615c62", url = "https://github.com/jj-vcs/jj/releases/download/v0.37.0/jj-v0.37.0-aarch64-unknown-linux-musl.tar.gz"}

[[tools.jq]]
version = "1.8.1"
backend = "aqua:jqlang/jq"
"platforms.linux-arm64" = { checksum = "sha256:6bc62f25981328edd3cfcfe6fe51b073f2d7e7710d7ef7fcdac28d4e384fc3d4", url = "https://github.com/jqlang/jq/releases/download/jq-1.8.1/jq-linux-arm64"}

[[tools.lazygit]]
version = "0.58.1"
backend = "aqua:jesseduffield/lazygit"
"platforms.linux-arm64" = { checksum = "sha256:c0571542a3df894748afc8820fcd2ac16df0970df2ddb429280dfef47b1f2d1e", url = "https://github.com/jesseduffield/lazygit/releases/download/v0.58.1/lazygit_0.58.1_linux_arm64.tar.gz"}

[[tools.opencode]]
version = "1.1.25"
backend = "aqua:anomalyco/opencode"
"platforms.linux-arm64" = { checksum = "sha256:c14ad827c8097d9343bbaa51767486ee2e122e7b330917545e19a86c0148888c", url = "https://github.com/anomalyco/opencode/releases/download/v1.1.25/opencode-linux-arm64.tar.gz"}

[[tools.ripgrep]]
version = "15.1.0"
backend = "aqua:BurntSushi/ripgrep"
"platforms.linux-arm64" = { checksum = "sha256:2b661c6ef508e902f388e9098d9c4c5aca72c87b55922d94abdba830b4dc885e", url = "https://github.com/BurntSushi/ripgrep/releases/download/15.1.0/ripgrep-15.1.0-aarch64-unknown-linux-gnu.tar.gz"}

[[tools.starship]]
version = "1.24.2"
backend = "aqua:starship/starship"
"platforms.linux-arm64" = { checksum = "sha256:56b9ff412bbf374d29b99e5ac09a849124cb37a0a13121e8470df32de53c1ea6", url = "https://github.com/starship/starship/releases/download/v1.24.2/starship-aarch64-unknown-linux-musl.tar.gz"}

[[tools.usage]]
version = "2.12.0"
backend = "aqua:jdx/usage"
"platforms.linux-arm64" = { checksum = "sha256:497188afd45955e0b1253fb7f02b1cbae03f73cb3a0b0539572aaae22509e4a3", url = "https://github.com/jdx/usage/releases/download/v2.12.0/usage-aarch64-unknown-linux-musl.tar.gz"}

[[tools.yazi]]
version = "26.1.4"
backend = "aqua:sxyazi/yazi"
"platforms.linux-arm64" = { checksum = "sha256:d1b6753e56ca4ed963b9de26a2033d97566c66f37e915f3cc6b2379925c9f8df", url = "https://github.com/sxyazi/yazi/releases/download/v26.1.4/yazi-aarch64-unknown-linux-musl.zip"}

[[tools.zoxide]]
version = "0.9.8"
backend = "aqua:ajeetdsouza/zoxide"
"platforms.linux-arm64" = { checksum = "blake3:fd3861fa9b55ffa4dc7314465da13e65f02858c45887e4d471ba00adc9cabaee", url = "https://github.com/ajeetdsouza/zoxide/releases/download/v0.9.8/zoxide-0.9.8-aarch64-unknown-linux-musl.tar.gz"}
